
Microsoft Visual Studio Solution File, Format Version 12.00
# Visual Studio Version 17
VisualStudioVersion = 17.4.33213.308
MinimumVisualStudioVersion = 10.0.40219.1
Project("{FAE04EC0-301F-11D3-BF4B-00C04F79EFBC}") = "CRUDBiblioteca", "CRUDBiblioteca.csproj", "{EDD0FF01-7F8A-4FB9-9419-0007D794FB42}"
EndProject
Global
	GlobalSection(SolutionConfigurationPlatforms) = preSolution
		Debug|Any CPU = Debug|Any CPU
		Release|Any CPU = Release|Any CPU
	EndGlobalSection
	GlobalSection(ProjectConfigurationPlatforms) = postSolution
		{EDD0FF01-7F8A-4FB9-9419-0007D794FB42}.Debug|Any CPU.ActiveCfg = Debug|Any CPU
		{EDD0FF01-7F8A-4FB9-9419-0007D794FB42}.Debug|Any CPU.Build.0 = Debug|Any CPU
		{EDD0FF01-7F8A-4FB9-9419-0007D794FB42}.Release|Any CPU.ActiveCfg = Release|Any CPU
		{EDD0FF01-7F8A-4FB9-9419-0007D794FB42}.Release|Any CPU.Build.0 = Release|Any CPU
	EndGlobalSection
	GlobalSection(SolutionProperties) = preSolution
		HideSolutionNode = FALSE
	EndGlobalSection
	GlobalSection(ExtensibilityGlobals) = postSolution
		SolutionGuid = {FDE9429B-AE48-41FF-A09B-9F7566B5DDE7}
	EndGlobalSection
EndGlobal
